
Microsoft Visual Studio Solution File, Format Version 12.00
# Visual Studio Version 17
VisualStudioVersion = 17.4.33122.133
MinimumVisualStudioVersion = 10.0.40219.1
Project("{FAE04EC0-301F-11D3-BF4B-00C04F79EFBC}") = "ConsoleApp16", "ConsoleApp16\ConsoleApp16.csproj", "{3D14A6FA-1C0A-4A2B-8990-EA9B2CD971FC}"
EndProject
Global
	GlobalSection(SolutionConfigurationPlatforms) = preSolution
		Debug|Any CPU = Debug|Any CPU
		Release|Any CPU = Release|Any CPU
	EndGlobalSection
	GlobalSection(ProjectConfigurationPlatforms) = postSolution
		{3D14A6FA-1C0A-4A2B-8990-EA9B2CD971FC}.Debug|Any CPU.ActiveCfg = Debug|Any CPU
		{3D14A6FA-1C0A-4A2B-8990-EA9B2CD971FC}.Debug|Any CPU.Build.0 = Debug|Any CPU
		{3D14A6FA-1C0A-4A2B-8990-EA9B2CD971FC}.Release|Any CPU.ActiveCfg = Release|Any CPU
		{3D14A6FA-1C0A-4A2B-8990-EA9B2CD971FC}.Release|Any CPU.Build.0 = Release|Any CPU
	EndGlobalSection
	GlobalSection(SolutionProperties) = preSolution
		HideSolutionNode = FALSE
	EndGlobalSection
	GlobalSection(ExtensibilityGlobals) = postSolution
		SolutionGuid = {1E07DFF0-48E7-4814-A6C5-CF13BE1B72FB}
	EndGlobalSection
EndGlobal
