
Microsoft Visual Studio Solution File, Format Version 12.00
# Visual Studio Version 17
VisualStudioVersion = 17.4.33122.133
MinimumVisualStudioVersion = 10.0.40219.1
Project("{FAE04EC0-301F-11D3-BF4B-00C04F79EFBC}") = "ConsoleApp10", "ConsoleApp10\ConsoleApp10.csproj", "{C7AA67EA-A6C1-43D2-8104-9F3C2979FDE8}"
EndProject
Global
	GlobalSection(SolutionConfigurationPlatforms) = preSolution
		Debug|Any CPU = Debug|Any CPU
		Release|Any CPU = Release|Any CPU
	EndGlobalSection
	GlobalSection(ProjectConfigurationPlatforms) = postSolution
		{C7AA67EA-A6C1-43D2-8104-9F3C2979FDE8}.Debug|Any CPU.ActiveCfg = Debug|Any CPU
		{C7AA67EA-A6C1-43D2-8104-9F3C2979FDE8}.Debug|Any CPU.Build.0 = Debug|Any CPU
		{C7AA67EA-A6C1-43D2-8104-9F3C2979FDE8}.Release|Any CPU.ActiveCfg = Release|Any CPU
		{C7AA67EA-A6C1-43D2-8104-9F3C2979FDE8}.Release|Any CPU.Build.0 = Release|Any CPU
	EndGlobalSection
	GlobalSection(SolutionProperties) = preSolution
		HideSolutionNode = FALSE
	EndGlobalSection
	GlobalSection(ExtensibilityGlobals) = postSolution
		SolutionGuid = {15C65820-EDD0-4327-8523-462F5489B09C}
	EndGlobalSection
EndGlobal
