
Microsoft Visual Studio Solution File, Format Version 12.00
# Visual Studio Version 17
VisualStudioVersion = 17.4.33122.133
MinimumVisualStudioVersion = 10.0.40219.1
Project("{FAE04EC0-301F-11D3-BF4B-00C04F79EFBC}") = "ConsoleApp23", "ConsoleApp23\ConsoleApp23.csproj", "{AFEAAE98-E9A7-4237-ADA2-05A1C1F849E7}"
EndProject
Global
	GlobalSection(SolutionConfigurationPlatforms) = preSolution
		Debug|Any CPU = Debug|Any CPU
		Release|Any CPU = Release|Any CPU
	EndGlobalSection
	GlobalSection(ProjectConfigurationPlatforms) = postSolution
		{AFEAAE98-E9A7-4237-ADA2-05A1C1F849E7}.Debug|Any CPU.ActiveCfg = Debug|Any CPU
		{AFEAAE98-E9A7-4237-ADA2-05A1C1F849E7}.Debug|Any CPU.Build.0 = Debug|Any CPU
		{AFEAAE98-E9A7-4237-ADA2-05A1C1F849E7}.Release|Any CPU.ActiveCfg = Release|Any CPU
		{AFEAAE98-E9A7-4237-ADA2-05A1C1F849E7}.Release|Any CPU.Build.0 = Release|Any CPU
	EndGlobalSection
	GlobalSection(SolutionProperties) = preSolution
		HideSolutionNode = FALSE
	EndGlobalSection
	GlobalSection(ExtensibilityGlobals) = postSolution
		SolutionGuid = {D0D7B292-3AFA-4F76-A2A3-741432FBA93F}
	EndGlobalSection
EndGlobal
