
Microsoft Visual Studio Solution File, Format Version 12.00
# Visual Studio Version 17
VisualStudioVersion = 17.4.33122.133
MinimumVisualStudioVersion = 10.0.40219.1
Project("{FAE04EC0-301F-11D3-BF4B-00C04F79EFBC}") = "ExtensionMethods.Tests", "ExtensionMethods.Tests\ExtensionMethods.Tests.csproj", "{119CEC4A-0184-4606-8BD7-EE60B1E87B25}"
EndProject
Global
	GlobalSection(SolutionConfigurationPlatforms) = preSolution
		Debug|Any CPU = Debug|Any CPU
		Release|Any CPU = Release|Any CPU
	EndGlobalSection
	GlobalSection(ProjectConfigurationPlatforms) = postSolution
		{119CEC4A-0184-4606-8BD7-EE60B1E87B25}.Debug|Any CPU.ActiveCfg = Debug|Any CPU
		{119CEC4A-0184-4606-8BD7-EE60B1E87B25}.Debug|Any CPU.Build.0 = Debug|Any CPU
		{119CEC4A-0184-4606-8BD7-EE60B1E87B25}.Release|Any CPU.ActiveCfg = Release|Any CPU
		{119CEC4A-0184-4606-8BD7-EE60B1E87B25}.Release|Any CPU.Build.0 = Release|Any CPU
	EndGlobalSection
	GlobalSection(SolutionProperties) = preSolution
		HideSolutionNode = FALSE
	EndGlobalSection
	GlobalSection(ExtensibilityGlobals) = postSolution
		SolutionGuid = {2FA5179F-0B54-4244-A1F5-62EF6657B92D}
	EndGlobalSection
EndGlobal
